
Microsoft Visual Studio Solution File, Format Version 12.00
# Visual Studio Version 17
VisualStudioVersion = 17.1.32421.90
MinimumVisualStudioVersion = 10.0.40219.1
Project("{2150E333-8FDC-42A3-9474-1A3956D46DE8}") = "EntitiesCreatorService", "EntitiesCreatorService", "{50E87EF3-9C60-440A-8849-315EC713D825}"
EndProject
Project("{9A19103F-16F7-4668-BE54-9A1E7A4F7556}") = "MapEntitiesService", "MapEntitiesService\MapEntitiesService.csproj", "{C1CDAE75-BBC1-482F-ABF1-0C72149DB281}"
EndProject
Project("{9A19103F-16F7-4668-BE54-9A1E7A4F7556}") = "MapEntitiesService.Infrastructure", "MapEntitiesService.Infrastructure\MapEntitiesService.Infrastructure.csproj", "{A26DD5B3-1441-4480-B5CB-1DB553E747B8}"
EndProject
Project("{9A19103F-16F7-4668-BE54-9A1E7A4F7556}") = "MapEntitiesService.Core", "MapEntitiesService.Core\MapEntitiesService.Core.csproj", "{2797F953-8FBE-4C07-A315-1C63A261235E}"
EndProject
Project("{E53339B2-1760-4266-BCC7-CA923CBCF16C}") = "docker-compose", "docker-compose.dcproj", "{87DB9FC3-F4F4-41EE-A767-C5DBF65A97CB}"
EndProject
Project("{2150E333-8FDC-42A3-9474-1A3956D46DE8}") = "MapsService", "MapsService", "{868FCA84-E72B-478E-B27F-E1263B3D9FE2}"
EndProject
Project("{9A19103F-16F7-4668-BE54-9A1E7A4F7556}") = "MapsRepositoryService", "MapsRepositoryService\MapsRepositoryService.csproj", "{C48BCFB7-8BBE-46DC-853C-F63BFFA8909A}"
EndProject
Project("{9A19103F-16F7-4668-BE54-9A1E7A4F7556}") = "MapsRepositoryService.Core", "MapsRepositoryService.Core\MapsRepositoryService.Core.csproj", "{F1D29D11-A5F6-4198-824D-C4B2E3B7EA27}"
EndProject
Project("{9A19103F-16F7-4668-BE54-9A1E7A4F7556}") = "MapsRepositoryService.Infrastructure", "MapsRepositoryService.Infrastructure\MapsRepositoryService.Infrastructure.csproj", "{3DD78A21-846B-420E-B1B6-619FCC06C46E}"
EndProject
Project("{2150E333-8FDC-42A3-9474-1A3956D46DE8}") = "Common", "Common", "{3E754BCF-019C-48EA-B2CC-C6B25CE3BC14}"
EndProject
Project("{9A19103F-16F7-4668-BE54-9A1E7A4F7556}") = "MessageBroker.Core", "MessageBroker.Core\MessageBroker.Core.csproj", "{1B29B528-405D-4DEF-A95B-D03D04C7ECDB}"
EndProject
Project("{9A19103F-16F7-4668-BE54-9A1E7A4F7556}") = "MessageBroker.Infrastructure", "MessageBroker.Infrastructure\MessageBroker.Infrastructure.csproj", "{51694364-14C9-495F-AB9C-5146B3D5D177}"
EndProject
Project("{2150E333-8FDC-42A3-9474-1A3956D46DE8}") = "NotificationsService", "NotificationsService", "{D6965B55-7579-4A8B-9B0B-9C4C92F63EFB}"
EndProject
Project("{9A19103F-16F7-4668-BE54-9A1E7A4F7556}") = "NotificationsService", "NotificationsService\NotificationsService.csproj", "{BF2E7FB1-2418-4DF3-8740-EB5D51FDE410}"
EndProject
Project("{2150E333-8FDC-42A3-9474-1A3956D46DE8}") = "NotificationClients", "NotificationClients", "{D769FF52-7946-41DD-AC44-EFF1B74862CD}"
EndProject
Project("{FAE04EC0-301F-11D3-BF4B-00C04F79EFBC}") = "MissionMapClient", "..\MissionMapClient\MissionMapClient.csproj", "{2A66CBE1-01D9-4234-B47D-3D877865D5BD}"
EndProject
Global
	GlobalSection(SolutionConfigurationPlatforms) = preSolution
		Debug|Any CPU = Debug|Any CPU
		Release|Any CPU = Release|Any CPU
	EndGlobalSection
	GlobalSection(ProjectConfigurationPlatforms) = postSolution
		{C1CDAE75-BBC1-482F-ABF1-0C72149DB281}.Debug|Any CPU.ActiveCfg = Debug|Any CPU
		{C1CDAE75-BBC1-482F-ABF1-0C72149DB281}.Debug|Any CPU.Build.0 = Debug|Any CPU
		{C1CDAE75-BBC1-482F-ABF1-0C72149DB281}.Release|Any CPU.ActiveCfg = Release|Any CPU
		{C1CDAE75-BBC1-482F-ABF1-0C72149DB281}.Release|Any CPU.Build.0 = Release|Any CPU
		{A26DD5B3-1441-4480-B5CB-1DB553E747B8}.Debug|Any CPU.ActiveCfg = Debug|Any CPU
		{A26DD5B3-1441-4480-B5CB-1DB553E747B8}.Debug|Any CPU.Build.0 = Debug|Any CPU
		{A26DD5B3-1441-4480-B5CB-1DB553E747B8}.Release|Any CPU.ActiveCfg = Release|Any CPU
		{A26DD5B3-1441-4480-B5CB-1DB553E747B8}.Release|Any CPU.Build.0 = Release|Any CPU
		{2797F953-8FBE-4C07-A315-1C63A261235E}.Debug|Any CPU.ActiveCfg = Debug|Any CPU
		{2797F953-8FBE-4C07-A315-1C63A261235E}.Debug|Any CPU.Build.0 = Debug|Any CPU
		{2797F953-8FBE-4C07-A315-1C63A261235E}.Release|Any CPU.ActiveCfg = Release|Any CPU
		{2797F953-8FBE-4C07-A315-1C63A261235E}.Release|Any CPU.Build.0 = Release|Any CPU
		{87DB9FC3-F4F4-41EE-A767-C5DBF65A97CB}.Debug|Any CPU.ActiveCfg = Debug|Any CPU
		{87DB9FC3-F4F4-41EE-A767-C5DBF65A97CB}.Debug|Any CPU.Build.0 = Debug|Any CPU
		{87DB9FC3-F4F4-41EE-A767-C5DBF65A97CB}.Release|Any CPU.ActiveCfg = Release|Any CPU
		{87DB9FC3-F4F4-41EE-A767-C5DBF65A97CB}.Release|Any CPU.Build.0 = Release|Any CPU
		{C48BCFB7-8BBE-46DC-853C-F63BFFA8909A}.Debug|Any CPU.ActiveCfg = Debug|Any CPU
		{C48BCFB7-8BBE-46DC-853C-F63BFFA8909A}.Debug|Any CPU.Build.0 = Debug|Any CPU
		{C48BCFB7-8BBE-46DC-853C-F63BFFA8909A}.Release|Any CPU.ActiveCfg = Release|Any CPU
		{C48BCFB7-8BBE-46DC-853C-F63BFFA8909A}.Release|Any CPU.Build.0 = Release|Any CPU
		{F1D29D11-A5F6-4198-824D-C4B2E3B7EA27}.Debug|Any CPU.ActiveCfg = Debug|Any CPU
		{F1D29D11-A5F6-4198-824D-C4B2E3B7EA27}.Debug|Any CPU.Build.0 = Debug|Any CPU
		{F1D29D11-A5F6-4198-824D-C4B2E3B7EA27}.Release|Any CPU.ActiveCfg = Release|Any CPU
		{F1D29D11-A5F6-4198-824D-C4B2E3B7EA27}.Release|Any CPU.Build.0 = Release|Any CPU
		{3DD78A21-846B-420E-B1B6-619FCC06C46E}.Debug|Any CPU.ActiveCfg = Debug|Any CPU
		{3DD78A21-846B-420E-B1B6-619FCC06C46E}.Debug|Any CPU.Build.0 = Debug|Any CPU
		{3DD78A21-846B-420E-B1B6-619FCC06C46E}.Release|Any CPU.ActiveCfg = Release|Any CPU
		{3DD78A21-846B-420E-B1B6-619FCC06C46E}.Release|Any CPU.Build.0 = Release|Any CPU
		{1B29B528-405D-4DEF-A95B-D03D04C7ECDB}.Debug|Any CPU.ActiveCfg = Debug|Any CPU
		{1B29B528-405D-4DEF-A95B-D03D04C7ECDB}.Debug|Any CPU.Build.0 = Debug|Any CPU
		{1B29B528-405D-4DEF-A95B-D03D04C7ECDB}.Release|Any CPU.ActiveCfg = Release|Any CPU
		{1B29B528-405D-4DEF-A95B-D03D04C7ECDB}.Release|Any CPU.Build.0 = Release|Any CPU
		{51694364-14C9-495F-AB9C-5146B3D5D177}.Debug|Any CPU.ActiveCfg = Debug|Any CPU
		{51694364-14C9-495F-AB9C-5146B3D5D177}.Debug|Any CPU.Build.0 = Debug|Any CPU
		{51694364-14C9-495F-AB9C-5146B3D5D177}.Release|Any CPU.ActiveCfg = Release|Any CPU
		{51694364-14C9-495F-AB9C-5146B3D5D177}.Release|Any CPU.Build.0 = Release|Any CPU
		{BF2E7FB1-2418-4DF3-8740-EB5D51FDE410}.Debug|Any CPU.ActiveCfg = Debug|Any CPU
		{BF2E7FB1-2418-4DF3-8740-EB5D51FDE410}.Debug|Any CPU.Build.0 = Debug|Any CPU
		{BF2E7FB1-2418-4DF3-8740-EB5D51FDE410}.Release|Any CPU.ActiveCfg = Release|Any CPU
		{BF2E7FB1-2418-4DF3-8740-EB5D51FDE410}.Release|Any CPU.Build.0 = Release|Any CPU
		{2A66CBE1-01D9-4234-B47D-3D877865D5BD}.Debug|Any CPU.ActiveCfg = Debug|Any CPU
		{2A66CBE1-01D9-4234-B47D-3D877865D5BD}.Debug|Any CPU.Build.0 = Debug|Any CPU
		{2A66CBE1-01D9-4234-B47D-3D877865D5BD}.Release|Any CPU.ActiveCfg = Release|Any CPU
		{2A66CBE1-01D9-4234-B47D-3D877865D5BD}.Release|Any CPU.Build.0 = Release|Any CPU
	EndGlobalSection
	GlobalSection(SolutionProperties) = preSolution
		HideSolutionNode = FALSE
	EndGlobalSection
	GlobalSection(NestedProjects) = preSolution
		{C1CDAE75-BBC1-482F-ABF1-0C72149DB281} = {50E87EF3-9C60-440A-8849-315EC713D825}
		{A26DD5B3-1441-4480-B5CB-1DB553E747B8} = {50E87EF3-9C60-440A-8849-315EC713D825}
		{2797F953-8FBE-4C07-A315-1C63A261235E} = {50E87EF3-9C60-440A-8849-315EC713D825}
		{C48BCFB7-8BBE-46DC-853C-F63BFFA8909A} = {868FCA84-E72B-478E-B27F-E1263B3D9FE2}
		{F1D29D11-A5F6-4198-824D-C4B2E3B7EA27} = {868FCA84-E72B-478E-B27F-E1263B3D9FE2}
		{3DD78A21-846B-420E-B1B6-619FCC06C46E} = {868FCA84-E72B-478E-B27F-E1263B3D9FE2}
		{1B29B528-405D-4DEF-A95B-D03D04C7ECDB} = {3E754BCF-019C-48EA-B2CC-C6B25CE3BC14}
		{51694364-14C9-495F-AB9C-5146B3D5D177} = {3E754BCF-019C-48EA-B2CC-C6B25CE3BC14}
		{BF2E7FB1-2418-4DF3-8740-EB5D51FDE410} = {D6965B55-7579-4A8B-9B0B-9C4C92F63EFB}
		{2A66CBE1-01D9-4234-B47D-3D877865D5BD} = {D769FF52-7946-41DD-AC44-EFF1B74862CD}
	EndGlobalSection
	GlobalSection(ExtensibilityGlobals) = postSolution
		SolutionGuid = {6488D464-1DC7-4BF1-8E93-E5E3BDC381B3}
	EndGlobalSection
EndGlobal
