
Microsoft Visual Studio Solution File, Format Version 12.00
# Visual Studio Version 17
VisualStudioVersion = 17.1.32421.90
MinimumVisualStudioVersion = 10.0.40219.1
Project("{2150E333-8FDC-42A3-9474-1A3956D46DE8}") = "EntitiesCreator", "EntitiesCreator", "{50E87EF3-9C60-440A-8849-315EC713D825}"
EndProject
Project("{2150E333-8FDC-42A3-9474-1A3956D46DE8}") = "Common", "Common", "{35FDFEDB-E2A8-4476-8CC7-3C3F2ABFBE6F}"
EndProject
Project("{9A19103F-16F7-4668-BE54-9A1E7A4F7556}") = "MapEntitiesService", "MapEntitiesService\MapEntitiesService.csproj", "{C1CDAE75-BBC1-482F-ABF1-0C72149DB281}"
EndProject
Project("{9A19103F-16F7-4668-BE54-9A1E7A4F7556}") = "MapEntitiesService.Infrastructure", "MapEntitiesService.Infrastructure\MapEntitiesService.Infrastructure.csproj", "{A26DD5B3-1441-4480-B5CB-1DB553E747B8}"
EndProject
Project("{9A19103F-16F7-4668-BE54-9A1E7A4F7556}") = "MapEntitiesService.Core", "MapEntitiesService.Core\MapEntitiesService.Core.csproj", "{2797F953-8FBE-4C07-A315-1C63A261235E}"
EndProject
Project("{2150E333-8FDC-42A3-9474-1A3956D46DE8}") = "Logger", "Logger", "{64F65EAB-D13D-4128-A8D3-61EEDECDFE00}"
EndProject
Project("{2150E333-8FDC-42A3-9474-1A3956D46DE8}") = "Publisher", "Publisher", "{61B68A3D-0E7C-4D27-B883-1FF7ECE8C92E}"
EndProject
Project("{FAE04EC0-301F-11D3-BF4B-00C04F79EFBC}") = "LoggerService.Core", "LoggerService.Core\LoggerService.Core.csproj", "{82F815C4-45CC-402B-8A33-880D4BCF2820}"
EndProject
Project("{FAE04EC0-301F-11D3-BF4B-00C04F79EFBC}") = "LoggerService.Infrastructure", "LoggerService.Infrastructure\LoggerService.Infrastructure.csproj", "{B20D16A0-541B-432A-8307-5B4A60E0DCD9}"
EndProject
Global
	GlobalSection(SolutionConfigurationPlatforms) = preSolution
		Debug|Any CPU = Debug|Any CPU
		Release|Any CPU = Release|Any CPU
	EndGlobalSection
	GlobalSection(ProjectConfigurationPlatforms) = postSolution
		{C1CDAE75-BBC1-482F-ABF1-0C72149DB281}.Debug|Any CPU.ActiveCfg = Debug|Any CPU
		{C1CDAE75-BBC1-482F-ABF1-0C72149DB281}.Debug|Any CPU.Build.0 = Debug|Any CPU
		{C1CDAE75-BBC1-482F-ABF1-0C72149DB281}.Release|Any CPU.ActiveCfg = Release|Any CPU
		{C1CDAE75-BBC1-482F-ABF1-0C72149DB281}.Release|Any CPU.Build.0 = Release|Any CPU
		{A26DD5B3-1441-4480-B5CB-1DB553E747B8}.Debug|Any CPU.ActiveCfg = Debug|Any CPU
		{A26DD5B3-1441-4480-B5CB-1DB553E747B8}.Debug|Any CPU.Build.0 = Debug|Any CPU
		{A26DD5B3-1441-4480-B5CB-1DB553E747B8}.Release|Any CPU.ActiveCfg = Release|Any CPU
		{A26DD5B3-1441-4480-B5CB-1DB553E747B8}.Release|Any CPU.Build.0 = Release|Any CPU
		{2797F953-8FBE-4C07-A315-1C63A261235E}.Debug|Any CPU.ActiveCfg = Debug|Any CPU
		{2797F953-8FBE-4C07-A315-1C63A261235E}.Debug|Any CPU.Build.0 = Debug|Any CPU
		{2797F953-8FBE-4C07-A315-1C63A261235E}.Release|Any CPU.ActiveCfg = Release|Any CPU
		{2797F953-8FBE-4C07-A315-1C63A261235E}.Release|Any CPU.Build.0 = Release|Any CPU
		{82F815C4-45CC-402B-8A33-880D4BCF2820}.Debug|Any CPU.ActiveCfg = Debug|Any CPU
		{82F815C4-45CC-402B-8A33-880D4BCF2820}.Debug|Any CPU.Build.0 = Debug|Any CPU
		{82F815C4-45CC-402B-8A33-880D4BCF2820}.Release|Any CPU.ActiveCfg = Release|Any CPU
		{82F815C4-45CC-402B-8A33-880D4BCF2820}.Release|Any CPU.Build.0 = Release|Any CPU
		{B20D16A0-541B-432A-8307-5B4A60E0DCD9}.Debug|Any CPU.ActiveCfg = Debug|Any CPU
		{B20D16A0-541B-432A-8307-5B4A60E0DCD9}.Debug|Any CPU.Build.0 = Debug|Any CPU
		{B20D16A0-541B-432A-8307-5B4A60E0DCD9}.Release|Any CPU.ActiveCfg = Release|Any CPU
		{B20D16A0-541B-432A-8307-5B4A60E0DCD9}.Release|Any CPU.Build.0 = Release|Any CPU
	EndGlobalSection
	GlobalSection(SolutionProperties) = preSolution
		HideSolutionNode = FALSE
	EndGlobalSection
	GlobalSection(NestedProjects) = preSolution
		{C1CDAE75-BBC1-482F-ABF1-0C72149DB281} = {50E87EF3-9C60-440A-8849-315EC713D825}
		{A26DD5B3-1441-4480-B5CB-1DB553E747B8} = {50E87EF3-9C60-440A-8849-315EC713D825}
		{2797F953-8FBE-4C07-A315-1C63A261235E} = {50E87EF3-9C60-440A-8849-315EC713D825}
		{64F65EAB-D13D-4128-A8D3-61EEDECDFE00} = {35FDFEDB-E2A8-4476-8CC7-3C3F2ABFBE6F}
		{61B68A3D-0E7C-4D27-B883-1FF7ECE8C92E} = {35FDFEDB-E2A8-4476-8CC7-3C3F2ABFBE6F}
		{82F815C4-45CC-402B-8A33-880D4BCF2820} = {64F65EAB-D13D-4128-A8D3-61EEDECDFE00}
		{B20D16A0-541B-432A-8307-5B4A60E0DCD9} = {64F65EAB-D13D-4128-A8D3-61EEDECDFE00}
	EndGlobalSection
	GlobalSection(ExtensibilityGlobals) = postSolution
		SolutionGuid = {6488D464-1DC7-4BF1-8E93-E5E3BDC381B3}
	EndGlobalSection
EndGlobal
